// !$*UTF8*$!
{
	archiveVersion = 1;
	classes = {
	};
	objectVersion = 56;
	objects = {

/* Begin PBXBuildFile section */
		03B92264297F0AB30064C5E7 /* Project_11_BookwormApp.swift in Sources */ = {isa = PBXBuildFile; fileRef = 03B92263297F0AB30064C5E7 /* Project_11_BookwormApp.swift */; };
		03B92266297F0AB30064C5E7 /* ContentView.swift in Sources */ = {isa = PBXBuildFile; fileRef = 03B92265297F0AB30064C5E7 /* ContentView.swift */; };
		03B92268297F0AB50064C5E7 /* Assets.xcassets in Resources */ = {isa = PBXBuildFile; fileRef = 03B92267297F0AB50064C5E7 /* Assets.xcassets */; };
		03B9226B297F0AB50064C5E7 /* Preview Assets.xcassets in Resources */ = {isa = PBXBuildFile; fileRef = 03B9226A297F0AB50064C5E7 /* Preview Assets.xcassets */; };
		03B92273297F10DD0064C5E7 /* Bookworm.xcdatamodeld in Sources */ = {isa = PBXBuildFile; fileRef = 03B92271297F10DD0064C5E7 /* Bookworm.xcdatamodeld */; };
		03B92275297F11340064C5E7 /* DataControler.swift in Sources */ = {isa = PBXBuildFile; fileRef = 03B92274297F11340064C5E7 /* DataControler.swift */; };
		03B92277297F19290064C5E7 /* AddBook.swift in Sources */ = {isa = PBXBuildFile; fileRef = 03B92276297F19290064C5E7 /* AddBook.swift */; };
		03B92279297F1C3B0064C5E7 /* RaitingView.swift in Sources */ = {isa = PBXBuildFile; fileRef = 03B92278297F1C3B0064C5E7 /* RaitingView.swift */; };
		03B9227B297F2FB60064C5E7 /* EmojiRaitingView.swift in Sources */ = {isa = PBXBuildFile; fileRef = 03B9227A297F2FB60064C5E7 /* EmojiRaitingView.swift */; };
		03B9227D297F326D0064C5E7 /* DetailView.swift in Sources */ = {isa = PBXBuildFile; fileRef = 03B9227C297F326D0064C5E7 /* DetailView.swift */; };
/* End PBXBuildFile section */

/* Begin PBXFileReference section */
		03B92260297F0AB30064C5E7 /* Project-11-Bookworm.app */ = {isa = PBXFileReference; explicitFileType = wrapper.application; includeInIndex = 0; path = "Project-11-Bookworm.app"; sourceTree = BUILT_PRODUCTS_DIR; };
		03B92263297F0AB30064C5E7 /* Project_11_BookwormApp.swift */ = {isa = PBXFileReference; lastKnownFileType = sourcecode.swift; path = Project_11_BookwormApp.swift; sourceTree = "<group>"; };
		03B92265297F0AB30064C5E7 /* ContentView.swift */ = {isa = PBXFileReference; lastKnownFileType = sourcecode.swift; path = ContentView.swift; sourceTree = "<group>"; };
		03B92267297F0AB50064C5E7 /* Assets.xcassets */ = {isa = PBXFileReference; lastKnownFileType = folder.assetcatalog; path = Assets.xcassets; sourceTree = "<group>"; };
		03B9226A297F0AB50064C5E7 /* Preview Assets.xcassets */ = {isa = PBXFileReference; lastKnownFileType = folder.assetcatalog; path = "Preview Assets.xcassets"; sourceTree = "<group>"; };
		03B92272297F10DD0064C5E7 /* Bookworm.xcdatamodel */ = {isa = PBXFileReference; lastKnownFileType = wrapper.xcdatamodel; path = Bookworm.xcdatamodel; sourceTree = "<group>"; };
		03B92274297F11340064C5E7 /* DataControler.swift */ = {isa = PBXFileReference; lastKnownFileType = sourcecode.swift; path = DataControler.swift; sourceTree = "<group>"; };
		03B92276297F19290064C5E7 /* AddBook.swift */ = {isa = PBXFileReference; lastKnownFileType = sourcecode.swift; path = AddBook.swift; sourceTree = "<group>"; };
		03B92278297F1C3B0064C5E7 /* RaitingView.swift */ = {isa = PBXFileReference; lastKnownFileType = sourcecode.swift; path = RaitingView.swift; sourceTree = "<group>"; };
		03B9227A297F2FB60064C5E7 /* EmojiRaitingView.swift */ = {isa = PBXFileReference; lastKnownFileType = sourcecode.swift; path = EmojiRaitingView.swift; sourceTree = "<group>"; };
		03B9227C297F326D0064C5E7 /* DetailView.swift */ = {isa = PBXFileReference; lastKnownFileType = sourcecode.swift; path = DetailView.swift; sourceTree = "<group>"; };
/* End PBXFileReference section */

/* Begin PBXFrameworksBuildPhase section */
		03B9225D297F0AB30064C5E7 /* Frameworks */ = {
			isa = PBXFrameworksBuildPhase;
			buildActionMask = 2147483647;
			files = (
			);
			runOnlyForDeploymentPostprocessing = 0;
		};
/* End PBXFrameworksBuildPhase section */

/* Begin PBXGroup section */
		03B92257297F0AB30064C5E7 = {
			isa = PBXGroup;
			children = (
				03B92262297F0AB30064C5E7 /* Project-11-Bookworm */,
				03B92261297F0AB30064C5E7 /* Products */,
			);
			sourceTree = "<group>";
		};
		03B92261297F0AB30064C5E7 /* Products */ = {
			isa = PBXGroup;
			children = (
				03B92260297F0AB30064C5E7 /* Project-11-Bookworm.app */,
			);
			name = Products;
			sourceTree = "<group>";
		};
		03B92262297F0AB30064C5E7 /* Project-11-Bookworm */ = {
			isa = PBXGroup;
			children = (
				03B92263297F0AB30064C5E7 /* Project_11_BookwormApp.swift */,
				03B92265297F0AB30064C5E7 /* ContentView.swift */,
				03B92271297F10DD0064C5E7 /* Bookworm.xcdatamodeld */,
				03B92274297F11340064C5E7 /* DataControler.swift */,
				03B92267297F0AB50064C5E7 /* Assets.xcassets */,
				03B92269297F0AB50064C5E7 /* Preview Content */,
				03B92276297F19290064C5E7 /* AddBook.swift */,
				03B92278297F1C3B0064C5E7 /* RaitingView.swift */,
				03B9227A297F2FB60064C5E7 /* EmojiRaitingView.swift */,
				03B9227C297F326D0064C5E7 /* DetailView.swift */,
			);
			path = "Project-11-Bookworm";
			sourceTree = "<group>";
		};
		03B92269297F0AB50064C5E7 /* Preview Content */ = {
			isa = PBXGroup;
			children = (
				03B9226A297F0AB50064C5E7 /* Preview Assets.xcassets */,
			);
			path = "Preview Content";
			sourceTree = "<group>";
		};
/* End PBXGroup section */

/* Begin PBXNativeTarget section */
		03B9225F297F0AB30064C5E7 /* Project-11-Bookworm */ = {
			isa = PBXNativeTarget;
			buildConfigurationList = 03B9226E297F0AB50064C5E7 /* Build configuration list for PBXNativeTarget "Project-11-Bookworm" */;
			buildPhases = (
				03B9225C297F0AB30064C5E7 /* Sources */,
				03B9225D297F0AB30064C5E7 /* Frameworks */,
				03B9225E297F0AB30064C5E7 /* Resources */,
			);
			buildRules = (
			);
			dependencies = (
			);
			name = "Project-11-Bookworm";
			productName = "Project-11-Bookworm";
			productReference = 03B92260297F0AB30064C5E7 /* Project-11-Bookworm.app */;
			productType = "com.apple.product-type.application";
		};
/* End PBXNativeTarget section */

/* Begin PBXProject section */
		03B92258297F0AB30064C5E7 /* Project object */ = {
			isa = PBXProject;
			attributes = {
				BuildIndependentTargetsInParallel = 1;
				LastSwiftUpdateCheck = 1420;
				LastUpgradeCheck = 1420;
				TargetAttributes = {
					03B9225F297F0AB30064C5E7 = {
						CreatedOnToolsVersion = 14.2;
					};
				};
			};
			buildConfigurationList = 03B9225B297F0AB30064C5E7 /* Build configuration list for PBXProject "Project-11-Bookworm" */;
			compatibilityVersion = "Xcode 14.0";
			developmentRegion = en;
			hasScannedForEncodings = 0;
			knownRegions = (
				en,
				Base,
			);
			mainGroup = 03B92257297F0AB30064C5E7;
			productRefGroup = 03B92261297F0AB30064C5E7 /* Products */;
			projectDirPath = "";
			projectRoot = "";
			targets = (
				03B9225F297F0AB30064C5E7 /* Project-11-Bookworm */,
			);
		};
/* End PBXProject section */

/* Begin PBXResourcesBuildPhase section */
		03B9225E297F0AB30064C5E7 /* Resources */ = {
			isa = PBXResourcesBuildPhase;
			buildActionMask = 2147483647;
			files = (
				03B9226B297F0AB50064C5E7 /* Preview Assets.xcassets in Resources */,
				03B92268297F0AB50064C5E7 /* Assets.xcassets in Resources */,
			);
			runOnlyForDeploymentPostprocessing = 0;
		};
/* End PBXResourcesBuildPhase section */

/* Begin PBXSourcesBuildPhase section */
		03B9225C297F0AB30064C5E7 /* Sources */ = {
			isa = PBXSourcesBuildPhase;
			buildActionMask = 2147483647;
			files = (
				03B92275297F11340064C5E7 /* DataControler.swift in Sources */,
				03B9227D297F326D0064C5E7 /* DetailView.swift in Sources */,
				03B9227B297F2FB60064C5E7 /* EmojiRaitingView.swift in Sources */,
				03B92279297F1C3B0064C5E7 /* RaitingView.swift in Sources */,
				03B92266297F0AB30064C5E7 /* ContentView.swift in Sources */,
				03B92273297F10DD0064C5E7 /* Bookworm.xcdatamodeld in Sources */,
				03B92264297F0AB30064C5E7 /* Project_11_BookwormApp.swift in Sources */,
				03B92277297F19290064C5E7 /* AddBook.swift in Sources */,
			);
			runOnlyForDeploymentPostprocessing = 0;
		};
/* End PBXSourcesBuildPhase section */

/* Begin XCBuildConfiguration section */
		03B9226C297F0AB50064C5E7 /* Debug */ = {
			isa = XCBuildConfiguration;
			buildSettings = {
				ALWAYS_SEARCH_USER_PATHS = NO;
				CLANG_ANALYZER_NONNULL = YES;
				CLANG_ANALYZER_NUMBER_OBJECT_CONVERSION = YES_AGGRESSIVE;
				CLANG_CXX_LANGUAGE_STANDARD = "gnu++20";
				CLANG_ENABLE_MODULES = YES;
				CLANG_ENABLE_OBJC_ARC = YES;
				CLANG_ENABLE_OBJC_WEAK = YES;
				CLANG_WARN_BLOCK_CAPTURE_AUTORELEASING = YES;
				CLANG_WARN_BOOL_CONVERSION = YES;
				CLANG_WARN_COMMA = YES;
				CLANG_WARN_CONSTANT_CONVERSION = YES;
				CLANG_WARN_DEPRECATED_OBJC_IMPLEMENTATIONS = YES;
				CLANG_WARN_DIRECT_OBJC_ISA_USAGE = YES_ERROR;
				CLANG_WARN_DOCUMENTATION_COMMENTS = YES;
				CLANG_WARN_EMPTY_BODY = YES;
				CLANG_WARN_ENUM_CONVERSION = YES;
				CLANG_WARN_INFINITE_RECURSION = YES;
				CLANG_WARN_INT_CONVERSION = YES;
				CLANG_WARN_NON_LITERAL_NULL_CONVERSION = YES;
				CLANG_WARN_OBJC_IMPLICIT_RETAIN_SELF = YES;
				CLANG_WARN_OBJC_LITERAL_CONVERSION = YES;
				CLANG_WARN_OBJC_ROOT_CLASS = YES_ERROR;
				CLANG_WARN_QUOTED_INCLUDE_IN_FRAMEWORK_HEADER = YES;
				CLANG_WARN_RANGE_LOOP_ANALYSIS = YES;
				CLANG_WARN_STRICT_PROTOTYPES = YES;
				CLANG_WARN_SUSPICIOUS_MOVE = YES;
				CLANG_WARN_UNGUARDED_AVAILABILITY = YES_AGGRESSIVE;
				CLANG_WARN_UNREACHABLE_CODE = YES;
				CLANG_WARN__DUPLICATE_METHOD_MATCH = YES;
				COPY_PHASE_STRIP = NO;
				DEBUG_INFORMATION_FORMAT = dwarf;
				ENABLE_STRICT_OBJC_MSGSEND = YES;
				ENABLE_TESTABILITY = YES;
				GCC_C_LANGUAGE_STANDARD = gnu11;
				GCC_DYNAMIC_NO_PIC = NO;
				GCC_NO_COMMON_BLOCKS = YES;
				GCC_OPTIMIZATION_LEVEL = 0;
				GCC_PREPROCESSOR_DEFINITIONS = (
					"DEBUG=1",
					"$(inherited)",
				);
				GCC_WARN_64_TO_32_BIT_CONVERSION = YES;
				GCC_WARN_ABOUT_RETURN_TYPE = YES_ERROR;
				GCC_WARN_UNDECLARED_SELECTOR = YES;
				GCC_WARN_UNINITIALIZED_AUTOS = YES_AGGRESSIVE;
				GCC_WARN_UNUSED_FUNCTION = YES;
				GCC_WARN_UNUSED_VARIABLE = YES;
				IPHONEOS_DEPLOYMENT_TARGET = 16.2;
				MTL_ENABLE_DEBUG_INFO = INCLUDE_SOURCE;
				MTL_FAST_MATH = YES;
				ONLY_ACTIVE_ARCH = YES;
				SDKROOT = iphoneos;
				SWIFT_ACTIVE_COMPILATION_CONDITIONS = DEBUG;
				SWIFT_OPTIMIZATION_LEVEL = "-Onone";
			};
			name = Debug;
		};
		03B9226D297F0AB50064C5E7 /* Release */ = {
			isa = XCBuildConfiguration;
			buildSettings = {
				ALWAYS_SEARCH_USER_PATHS = NO;
				CLANG_ANALYZER_NONNULL = YES;
				CLANG_ANALYZER_NUMBER_OBJECT_CONVERSION = YES_AGGRESSIVE;
				CLANG_CXX_LANGUAGE_STANDARD = "gnu++20";
				CLANG_ENABLE_MODULES = YES;
				CLANG_ENABLE_OBJC_ARC = YES;
				CLANG_ENABLE_OBJC_WEAK = YES;
				CLANG_WARN_BLOCK_CAPTURE_AUTORELEASING = YES;
				CLANG_WARN_BOOL_CONVERSION = YES;
				CLANG_WARN_COMMA = YES;
				CLANG_WARN_CONSTANT_CONVERSION = YES;
				CLANG_WARN_DEPRECATED_OBJC_IMPLEMENTATIONS = YES;
				CLANG_WARN_DIRECT_OBJC_ISA_USAGE = YES_ERROR;
				CLANG_WARN_DOCUMENTATION_COMMENTS = YES;
				CLANG_WARN_EMPTY_BODY = YES;
				CLANG_WARN_ENUM_CONVERSION = YES;
				CLANG_WARN_INFINITE_RECURSION = YES;
				CLANG_WARN_INT_CONVERSION = YES;
				CLANG_WARN_NON_LITERAL_NULL_CONVERSION = YES;
				CLANG_WARN_OBJC_IMPLICIT_RETAIN_SELF = YES;
				CLANG_WARN_OBJC_LITERAL_CONVERSION = YES;
				CLANG_WARN_OBJC_ROOT_CLASS = YES_ERROR;
				CLANG_WARN_QUOTED_INCLUDE_IN_FRAMEWORK_HEADER = YES;
				CLANG_WARN_RANGE_LOOP_ANALYSIS = YES;
				CLANG_WARN_STRICT_PROTOTYPES = YES;
				CLANG_WARN_SUSPICIOUS_MOVE = YES;
				CLANG_WARN_UNGUARDED_AVAILABILITY = YES_AGGRESSIVE;
				CLANG_WARN_UNREACHABLE_CODE = YES;
				CLANG_WARN__DUPLICATE_METHOD_MATCH = YES;
				COPY_PHASE_STRIP = NO;
				DEBUG_INFORMATION_FORMAT = "dwarf-with-dsym";
				ENABLE_NS_ASSERTIONS = NO;
				ENABLE_STRICT_OBJC_MSGSEND = YES;
				GCC_C_LANGUAGE_STANDARD = gnu11;
				GCC_NO_COMMON_BLOCKS = YES;
				GCC_WARN_64_TO_32_BIT_CONVERSION = YES;
				GCC_WARN_ABOUT_RETURN_TYPE = YES_ERROR;
				GCC_WARN_UNDECLARED_SELECTOR = YES;
				GCC_WARN_UNINITIALIZED_AUTOS = YES_AGGRESSIVE;
				GCC_WARN_UNUSED_FUNCTION = YES;
				GCC_WARN_UNUSED_VARIABLE = YES;
				IPHONEOS_DEPLOYMENT_TARGET = 16.2;
				MTL_ENABLE_DEBUG_INFO = NO;
				MTL_FAST_MATH = YES;
				SDKROOT = iphoneos;
				SWIFT_COMPILATION_MODE = wholemodule;
				SWIFT_OPTIMIZATION_LEVEL = "-O";
				VALIDATE_PRODUCT = YES;
			};
			name = Release;
		};
		03B9226F297F0AB50064C5E7 /* Debug */ = {
			isa = XCBuildConfiguration;
			buildSettings = {
				ASSETCATALOG_COMPILER_APPICON_NAME = AppIcon;
				ASSETCATALOG_COMPILER_GLOBAL_ACCENT_COLOR_NAME = AccentColor;
				CODE_SIGN_STYLE = Automatic;
				CURRENT_PROJECT_VERSION = 1;
				DEVELOPMENT_ASSET_PATHS = "\"Project-11-Bookworm/Preview Content\"";
				ENABLE_PREVIEWS = YES;
				GENERATE_INFOPLIST_FILE = YES;
				INFOPLIST_KEY_UIApplicationSceneManifest_Generation = YES;
				INFOPLIST_KEY_UIApplicationSupportsIndirectInputEvents = YES;
				INFOPLIST_KEY_UILaunchScreen_Generation = YES;
				INFOPLIST_KEY_UISupportedInterfaceOrientations_iPad = "UIInterfaceOrientationPortrait UIInterfaceOrientationPortraitUpsideDown UIInterfaceOrientationLandscapeLeft UIInterfaceOrientationLandscapeRight";
				INFOPLIST_KEY_UISupportedInterfaceOrientations_iPhone = "UIInterfaceOrientationPortrait UIInterfaceOrientationLandscapeLeft UIInterfaceOrientationLandscapeRight";
				LD_RUNPATH_SEARCH_PATHS = (
					"$(inherited)",
					"@executable_path/Frameworks",
				);
				MARKETING_VERSION = 1.0;
				PRODUCT_BUNDLE_IDENTIFIER = "uj.edu.pawelbarabski.Project-11-Bookworm";
				PRODUCT_NAME = "$(TARGET_NAME)";
				SWIFT_EMIT_LOC_STRINGS = YES;
				SWIFT_VERSION = 5.0;
				TARGETED_DEVICE_FAMILY = "1,2";
			};
			name = Debug;
		};
		03B92270297F0AB50064C5E7 /* Release */ = {
			isa = XCBuildConfiguration;
			buildSettings = {
				ASSETCATALOG_COMPILER_APPICON_NAME = AppIcon;
				ASSETCATALOG_COMPILER_GLOBAL_ACCENT_COLOR_NAME = AccentColor;
				CODE_SIGN_STYLE = Automatic;
				CURRENT_PROJECT_VERSION = 1;
				DEVELOPMENT_ASSET_PATHS = "\"Project-11-Bookworm/Preview Content\"";
				ENABLE_PREVIEWS = YES;
				GENERATE_INFOPLIST_FILE = YES;
				INFOPLIST_KEY_UIApplicationSceneManifest_Generation = YES;
				INFOPLIST_KEY_UIApplicationSupportsIndirectInputEvents = YES;
				INFOPLIST_KEY_UILaunchScreen_Generation = YES;
				INFOPLIST_KEY_UISupportedInterfaceOrientations_iPad = "UIInterfaceOrientationPortrait UIInterfaceOrientationPortraitUpsideDown UIInterfaceOrientationLandscapeLeft UIInterfaceOrientationLandscapeRight";
				INFOPLIST_KEY_UISupportedInterfaceOrientations_iPhone = "UIInterfaceOrientationPortrait UIInterfaceOrientationLandscapeLeft UIInterfaceOrientationLandscapeRight";
				LD_RUNPATH_SEARCH_PATHS = (
					"$(inherited)",
					"@executable_path/Frameworks",
				);
				MARKETING_VERSION = 1.0;
				PRODUCT_BUNDLE_IDENTIFIER = "uj.edu.pawelbarabski.Project-11-Bookworm";
				PRODUCT_NAME = "$(TARGET_NAME)";
				SWIFT_EMIT_LOC_STRINGS = YES;
				SWIFT_VERSION = 5.0;
				TARGETED_DEVICE_FAMILY = "1,2";
			};
			name = Release;
		};
/* End XCBuildConfiguration section */

/* Begin XCConfigurationList section */
		03B9225B297F0AB30064C5E7 /* Build configuration list for PBXProject "Project-11-Bookworm" */ = {
			isa = XCConfigurationList;
			buildConfigurations = (
				03B9226C297F0AB50064C5E7 /* Debug */,
				03B9226D297F0AB50064C5E7 /* Release */,
			);
			defaultConfigurationIsVisible = 0;
			defaultConfigurationName = Release;
		};
		03B9226E297F0AB50064C5E7 /* Build configuration list for PBXNativeTarget "Project-11-Bookworm" */ = {
			isa = XCConfigurationList;
			buildConfigurations = (
				03B9226F297F0AB50064C5E7 /* Debug */,
				03B92270297F0AB50064C5E7 /* Release */,
			);
			defaultConfigurationIsVisible = 0;
			defaultConfigurationName = Release;
		};
/* End XCConfigurationList section */

/* Begin XCVersionGroup section */
		03B92271297F10DD0064C5E7 /* Bookworm.xcdatamodeld */ = {
			isa = XCVersionGroup;
			children = (
				03B92272297F10DD0064C5E7 /* Bookworm.xcdatamodel */,
			);
			currentVersion = 03B92272297F10DD0064C5E7 /* Bookworm.xcdatamodel */;
			path = Bookworm.xcdatamodeld;
			sourceTree = "<group>";
			versionGroupType = wrapper.xcdatamodel;
		};
/* End XCVersionGroup section */
	};
	rootObject = 03B92258297F0AB30064C5E7 /* Project object */;
}
